// !$*UTF8*$!
{
	archiveVersion = 1;
	classes = {
	};
	objectVersion = 50;
	objects = {

/* Begin PBXBuildFile section */
		6F1BBE6323602FF50044CC09 /* AppDelegate.swift in Sources */ = {isa = PBXBuildFile; fileRef = 6F1BBE6223602FF50044CC09 /* AppDelegate.swift */; };
		6F1BBE6523602FF50044CC09 /* SceneDelegate.swift in Sources */ = {isa = PBXBuildFile; fileRef = 6F1BBE6423602FF50044CC09 /* SceneDelegate.swift */; };
		6F1BBE6723602FF50044CC09 /* ContentView.swift in Sources */ = {isa = PBXBuildFile; fileRef = 6F1BBE6623602FF50044CC09 /* ContentView.swift */; };
		6F1BBE6923602FF80044CC09 /* Assets.xcassets in Resources */ = {isa = PBXBuildFile; fileRef = 6F1BBE6823602FF80044CC09 /* Assets.xcassets */; };
		6F1BBE6C23602FF80044CC09 /* Preview Assets.xcassets in Resources */ = {isa = PBXBuildFile; fileRef = 6F1BBE6B23602FF80044CC09 /* Preview Assets.xcassets */; };
		6F1BBE6F23602FF80044CC09 /* LaunchScreen.storyboard in Resources */ = {isa = PBXBuildFile; fileRef = 6F1BBE6D23602FF80044CC09 /* LaunchScreen.storyboard */; };
		6F1BBE7A23602FF80044CC09 /* PuzzleAppTests.swift in Sources */ = {isa = PBXBuildFile; fileRef = 6F1BBE7923602FF80044CC09 /* PuzzleAppTests.swift */; };
		6F1BBE8523602FF80044CC09 /* PuzzleAppUITests.swift in Sources */ = {isa = PBXBuildFile; fileRef = 6F1BBE8423602FF80044CC09 /* PuzzleAppUITests.swift */; };
/* End PBXBuildFile section */

/* Begin PBXContainerItemProxy section */
		6F1BBE7623602FF80044CC09 /* PBXContainerItemProxy */ = {
			isa = PBXContainerItemProxy;
			containerPortal = 6F1BBE5723602FF50044CC09 /* Project object */;
			proxyType = 1;
			remoteGlobalIDString = 6F1BBE5E23602FF50044CC09;
			remoteInfo = PuzzleApp;
		};
		6F1BBE8123602FF80044CC09 /* PBXContainerItemProxy */ = {
			isa = PBXContainerItemProxy;
			containerPortal = 6F1BBE5723602FF50044CC09 /* Project object */;
			proxyType = 1;
			remoteGlobalIDString = 6F1BBE5E23602FF50044CC09;
			remoteInfo = PuzzleApp;
		};
/* End PBXContainerItemProxy section */

/* Begin PBXFileReference section */
		6F1BBE5F23602FF50044CC09 /* PuzzleApp.app */ = {isa = PBXFileReference; explicitFileType = wrapper.application; includeInIndex = 0; path = PuzzleApp.app; sourceTree = BUILT_PRODUCTS_DIR; };
		6F1BBE6223602FF50044CC09 /* AppDelegate.swift */ = {isa = PBXFileReference; lastKnownFileType = sourcecode.swift; path = AppDelegate.swift; sourceTree = "<group>"; };
		6F1BBE6423602FF50044CC09 /* SceneDelegate.swift */ = {isa = PBXFileReference; lastKnownFileType = sourcecode.swift; path = SceneDelegate.swift; sourceTree = "<group>"; };
		6F1BBE6623602FF50044CC09 /* ContentView.swift */ = {isa = PBXFileReference; lastKnownFileType = sourcecode.swift; path = ContentView.swift; sourceTree = "<group>"; };
		6F1BBE6823602FF80044CC09 /* Assets.xcassets */ = {isa = PBXFileReference; lastKnownFileType = folder.assetcatalog; path = Assets.xcassets; sourceTree = "<group>"; };
		6F1BBE6B23602FF80044CC09 /* Preview Assets.xcassets */ = {isa = PBXFileReference; lastKnownFileType = folder.assetcatalog; path = "Preview Assets.xcassets"; sourceTree = "<group>"; };
		6F1BBE6E23602FF80044CC09 /* Base */ = {isa = PBXFileReference; lastKnownFileType = file.storyboard; name = Base; path = Base.lproj/LaunchScreen.storyboard; sourceTree = "<group>"; };
		6F1BBE7023602FF80044CC09 /* Info.plist */ = {isa = PBXFileReference; lastKnownFileType = text.plist.xml; path = Info.plist; sourceTree = "<group>"; };
		6F1BBE7523602FF80044CC09 /* PuzzleAppTests.xctest */ = {isa = PBXFileReference; explicitFileType = wrapper.cfbundle; includeInIndex = 0; path = PuzzleAppTests.xctest; sourceTree = BUILT_PRODUCTS_DIR; };
		6F1BBE7923602FF80044CC09 /* PuzzleAppTests.swift */ = {isa = PBXFileReference; lastKnownFileType = sourcecode.swift; path = PuzzleAppTests.swift; sourceTree = "<group>"; };
		6F1BBE7B23602FF80044CC09 /* Info.plist */ = {isa = PBXFileReference; lastKnownFileType = text.plist.xml; path = Info.plist; sourceTree = "<group>"; };
		6F1BBE8023602FF80044CC09 /* PuzzleAppUITests.xctest */ = {isa = PBXFileReference; explicitFileType = wrapper.cfbundle; includeInIndex = 0; path = PuzzleAppUITests.xctest; sourceTree = BUILT_PRODUCTS_DIR; };
		6F1BBE8423602FF80044CC09 /* PuzzleAppUITests.swift */ = {isa = PBXFileReference; lastKnownFileType = sourcecode.swift; path = PuzzleAppUITests.swift; sourceTree = "<group>"; };
		6F1BBE8623602FF80044CC09 /* Info.plist */ = {isa = PBXFileReference; lastKnownFileType = text.plist.xml; path = Info.plist; sourceTree = "<group>"; };
/* End PBXFileReference section */

/* Begin PBXFrameworksBuildPhase section */
		6F1BBE5C23602FF50044CC09 /* Frameworks */ = {
			isa = PBXFrameworksBuildPhase;
			buildActionMask = 2147483647;
			files = (
			);
			runOnlyForDeploymentPostprocessing = 0;
		};
		6F1BBE7223602FF80044CC09 /* Frameworks */ = {
			isa = PBXFrameworksBuildPhase;
			buildActionMask = 2147483647;
			files = (
			);
			runOnlyForDeploymentPostprocessing = 0;
		};
		6F1BBE7D23602FF80044CC09 /* Frameworks */ = {
			isa = PBXFrameworksBuildPhase;
			buildActionMask = 2147483647;
			files = (
			);
			runOnlyForDeploymentPostprocessing = 0;
		};
/* End PBXFrameworksBuildPhase section */

/* Begin PBXGroup section */
		6F1BBE5623602FF50044CC09 = {
			isa = PBXGroup;
			children = (
				6F1BBE6123602FF50044CC09 /* PuzzleApp */,
				6F1BBE7823602FF80044CC09 /* PuzzleAppTests */,
				6F1BBE8323602FF80044CC09 /* PuzzleAppUITests */,
				6F1BBE6023602FF50044CC09 /* Products */,
			);
			sourceTree = "<group>";
		};
		6F1BBE6023602FF50044CC09 /* Products */ = {
			isa = PBXGroup;
			children = (
				6F1BBE5F23602FF50044CC09 /* PuzzleApp.app */,
				6F1BBE7523602FF80044CC09 /* PuzzleAppTests.xctest */,
				6F1BBE8023602FF80044CC09 /* PuzzleAppUITests.xctest */,
			);
			name = Products;
			sourceTree = "<group>";
		};
		6F1BBE6123602FF50044CC09 /* PuzzleApp */ = {
			isa = PBXGroup;
			children = (
				6F1BBE6223602FF50044CC09 /* AppDelegate.swift */,
				6F1BBE6423602FF50044CC09 /* SceneDelegate.swift */,
				6F1BBE6623602FF50044CC09 /* ContentView.swift */,
				6F1BBE6823602FF80044CC09 /* Assets.xcassets */,
				6F1BBE6D23602FF80044CC09 /* LaunchScreen.storyboard */,
				6F1BBE7023602FF80044CC09 /* Info.plist */,
				6F1BBE6A23602FF80044CC09 /* Preview Content */,
			);
			path = PuzzleApp;
			sourceTree = "<group>";
		};
		6F1BBE6A23602FF80044CC09 /* Preview Content */ = {
			isa = PBXGroup;
			children = (
				6F1BBE6B23602FF80044CC09 /* Preview Assets.xcassets */,
			);
			path = "Preview Content";
			sourceTree = "<group>";
		};
		6F1BBE7823602FF80044CC09 /* PuzzleAppTests */ = {
			isa = PBXGroup;
			children = (
				6F1BBE7923602FF80044CC09 /* PuzzleAppTests.swift */,
				6F1BBE7B23602FF80044CC09 /* Info.plist */,
			);
			path = PuzzleAppTests;
			sourceTree = "<group>";
		};
		6F1BBE8323602FF80044CC09 /* PuzzleAppUITests */ = {
			isa = PBXGroup;
			children = (
				6F1BBE8423602FF80044CC09 /* PuzzleAppUITests.swift */,
				6F1BBE8623602FF80044CC09 /* Info.plist */,
			);
			path = PuzzleAppUITests;
			sourceTree = "<group>";
		};
/* End PBXGroup section */

/* Begin PBXNativeTarget section */
		6F1BBE5E23602FF50044CC09 /* PuzzleApp */ = {
			isa = PBXNativeTarget;
			buildConfigurationList = 6F1BBE8923602FF80044CC09 /* Build configuration list for PBXNativeTarget "PuzzleApp" */;
			buildPhases = (
				6F1BBE5B23602FF50044CC09 /* Sources */,
				6F1BBE5C23602FF50044CC09 /* Frameworks */,
				6F1BBE5D23602FF50044CC09 /* Resources */,
			);
			buildRules = (
			);
			dependencies = (
			);
			name = PuzzleApp;
			productName = PuzzleApp;
			productReference = 6F1BBE5F23602FF50044CC09 /* PuzzleApp.app */;
			productType = "com.apple.product-type.application";
		};
		6F1BBE7423602FF80044CC09 /* PuzzleAppTests */ = {
			isa = PBXNativeTarget;
			buildConfigurationList = 6F1BBE8C23602FF80044CC09 /* Build configuration list for PBXNativeTarget "PuzzleAppTests" */;
			buildPhases = (
				6F1BBE7123602FF80044CC09 /* Sources */,
				6F1BBE7223602FF80044CC09 /* Frameworks */,
				6F1BBE7323602FF80044CC09 /* Resources */,
			);
			buildRules = (
			);
			dependencies = (
				6F1BBE7723602FF80044CC09 /* PBXTargetDependency */,
			);
			name = PuzzleAppTests;
			productName = PuzzleAppTests;
			productReference = 6F1BBE7523602FF80044CC09 /* PuzzleAppTests.xctest */;
			productType = "com.apple.product-type.bundle.unit-test";
		};
		6F1BBE7F23602FF80044CC09 /* PuzzleAppUITests */ = {
			isa = PBXNativeTarget;
			buildConfigurationList = 6F1BBE8F23602FF80044CC09 /* Build configuration list for PBXNativeTarget "PuzzleAppUITests" */;
			buildPhases = (
				6F1BBE7C23602FF80044CC09 /* Sources */,
				6F1BBE7D23602FF80044CC09 /* Frameworks */,
				6F1BBE7E23602FF80044CC09 /* Resources */,
			);
			buildRules = (
			);
			dependencies = (
				6F1BBE8223602FF80044CC09 /* PBXTargetDependency */,
			);
			name = PuzzleAppUITests;
			productName = PuzzleAppUITests;
			productReference = 6F1BBE8023602FF80044CC09 /* PuzzleAppUITests.xctest */;
			productType = "com.apple.product-type.bundle.ui-testing";
		};
/* End PBXNativeTarget section */

/* Begin PBXProject section */
		6F1BBE5723602FF50044CC09 /* Project object */ = {
			isa = PBXProject;
			attributes = {
				LastSwiftUpdateCheck = 1110;
				LastUpgradeCheck = 1110;
				ORGANIZATIONNAME = "Mariusz Sut";
				TargetAttributes = {
					6F1BBE5E23602FF50044CC09 = {
						CreatedOnToolsVersion = 11.1;
					};
					6F1BBE7423602FF80044CC09 = {
						CreatedOnToolsVersion = 11.1;
						TestTargetID = 6F1BBE5E23602FF50044CC09;
					};
					6F1BBE7F23602FF80044CC09 = {
						CreatedOnToolsVersion = 11.1;
						TestTargetID = 6F1BBE5E23602FF50044CC09;
					};
				};
			};
			buildConfigurationList = 6F1BBE5A23602FF50044CC09 /* Build configuration list for PBXProject "PuzzleApp" */;
			compatibilityVersion = "Xcode 9.3";
			developmentRegion = en;
			hasScannedForEncodings = 0;
			knownRegions = (
				en,
				Base,
			);
			mainGroup = 6F1BBE5623602FF50044CC09;
			productRefGroup = 6F1BBE6023602FF50044CC09 /* Products */;
			projectDirPath = "";
			projectRoot = "";
			targets = (
				6F1BBE5E23602FF50044CC09 /* PuzzleApp */,
				6F1BBE7423602FF80044CC09 /* PuzzleAppTests */,
				6F1BBE7F23602FF80044CC09 /* PuzzleAppUITests */,
			);
		};
/* End PBXProject section */

/* Begin PBXResourcesBuildPhase section */
		6F1BBE5D23602FF50044CC09 /* Resources */ = {
			isa = PBXResourcesBuildPhase;
			buildActionMask = 2147483647;
			files = (
				6F1BBE6F23602FF80044CC09 /* LaunchScreen.storyboard in Resources */,
				6F1BBE6C23602FF80044CC09 /* Preview Assets.xcassets in Resources */,
				6F1BBE6923602FF80044CC09 /* Assets.xcassets in Resources */,
			);
			runOnlyForDeploymentPostprocessing = 0;
		};
		6F1BBE7323602FF80044CC09 /* Resources */ = {
			isa = PBXResourcesBuildPhase;
			buildActionMask = 2147483647;
			files = (
			);
			runOnlyForDeploymentPostprocessing = 0;
		};
		6F1BBE7E23602FF80044CC09 /* Resources */ = {
			isa = PBXResourcesBuildPhase;
			buildActionMask = 2147483647;
			files = (
			);
			runOnlyForDeploymentPostprocessing = 0;
		};
/* End PBXResourcesBuildPhase section */

/* Begin PBXSourcesBuildPhase section */
		6F1BBE5B23602FF50044CC09 /* Sources */ = {
			isa = PBXSourcesBuildPhase;
			buildActionMask = 2147483647;
			files = (
				6F1BBE6323602FF50044CC09 /* AppDelegate.swift in Sources */,
				6F1BBE6523602FF50044CC09 /* SceneDelegate.swift in Sources */,
				6F1BBE6723602FF50044CC09 /* ContentView.swift in Sources */,
			);
			runOnlyForDeploymentPostprocessing = 0;
		};
		6F1BBE7123602FF80044CC09 /* Sources */ = {
			isa = PBXSourcesBuildPhase;
			buildActionMask = 2147483647;
			files = (
				6F1BBE7A23602FF80044CC09 /* PuzzleAppTests.swift in Sources */,
			);
			runOnlyForDeploymentPostprocessing = 0;
		};
		6F1BBE7C23602FF80044CC09 /* Sources */ = {
			isa = PBXSourcesBuildPhase;
			buildActionMask = 2147483647;
			files = (
				6F1BBE8523602FF80044CC09 /* PuzzleAppUITests.swift in Sources */,
			);
			runOnlyForDeploymentPostprocessing = 0;
		};
/* End PBXSourcesBuildPhase section */

/* Begin PBXTargetDependency section */
		6F1BBE7723602FF80044CC09 /* PBXTargetDependency */ = {
			isa = PBXTargetDependency;
			target = 6F1BBE5E23602FF50044CC09 /* PuzzleApp */;
			targetProxy = 6F1BBE7623602FF80044CC09 /* PBXContainerItemProxy */;
		};
		6F1BBE8223602FF80044CC09 /* PBXTargetDependency */ = {
			isa = PBXTargetDependency;
			target = 6F1BBE5E23602FF50044CC09 /* PuzzleApp */;
			targetProxy = 6F1BBE8123602FF80044CC09 /* PBXContainerItemProxy */;
		};
/* End PBXTargetDependency section */

/* Begin PBXVariantGroup section */
		6F1BBE6D23602FF80044CC09 /* LaunchScreen.storyboard */ = {
			isa = PBXVariantGroup;
			children = (
				6F1BBE6E23602FF80044CC09 /* Base */,
			);
			name = LaunchScreen.storyboard;
			sourceTree = "<group>";
		};
/* End PBXVariantGroup section */

/* Begin XCBuildConfiguration section */
		6F1BBE8723602FF80044CC09 /* Debug */ = {
			isa = XCBuildConfiguration;
			buildSettings = {
				ALWAYS_SEARCH_USER_PATHS = NO;
				CLANG_ANALYZER_NONNULL = YES;
				CLANG_ANALYZER_NUMBER_OBJECT_CONVERSION = YES_AGGRESSIVE;
				CLANG_CXX_LANGUAGE_STANDARD = "gnu++14";
				CLANG_CXX_LIBRARY = "libc++";
				CLANG_ENABLE_MODULES = YES;
				CLANG_ENABLE_OBJC_ARC = YES;
				CLANG_ENABLE_OBJC_WEAK = YES;
				CLANG_WARN_BLOCK_CAPTURE_AUTORELEASING = YES;
				CLANG_WARN_BOOL_CONVERSION = YES;
				CLANG_WARN_COMMA = YES;
				CLANG_WARN_CONSTANT_CONVERSION = YES;
				CLANG_WARN_DEPRECATED_OBJC_IMPLEMENTATIONS = YES;
				CLANG_WARN_DIRECT_OBJC_ISA_USAGE = YES_ERROR;
				CLANG_WARN_DOCUMENTATION_COMMENTS = YES;
				CLANG_WARN_EMPTY_BODY = YES;
				CLANG_WARN_ENUM_CONVERSION = YES;
				CLANG_WARN_INFINITE_RECURSION = YES;
				CLANG_WARN_INT_CONVERSION = YES;
				CLANG_WARN_NON_LITERAL_NULL_CONVERSION = YES;
				CLANG_WARN_OBJC_IMPLICIT_RETAIN_SELF = YES;
				CLANG_WARN_OBJC_LITERAL_CONVERSION = YES;
				CLANG_WARN_OBJC_ROOT_CLASS = YES_ERROR;
				CLANG_WARN_RANGE_LOOP_ANALYSIS = YES;
				CLANG_WARN_STRICT_PROTOTYPES = YES;
				CLANG_WARN_SUSPICIOUS_MOVE = YES;
				CLANG_WARN_UNGUARDED_AVAILABILITY = YES_AGGRESSIVE;
				CLANG_WARN_UNREACHABLE_CODE = YES;
				CLANG_WARN__DUPLICATE_METHOD_MATCH = YES;
				COPY_PHASE_STRIP = NO;
				CURRENT_PROJECT_VERSION = 1;
				DEBUG_INFORMATION_FORMAT = dwarf;
				ENABLE_STRICT_OBJC_MSGSEND = YES;
				ENABLE_TESTABILITY = YES;
				GCC_C_LANGUAGE_STANDARD = gnu11;
				GCC_DYNAMIC_NO_PIC = NO;
				GCC_NO_COMMON_BLOCKS = YES;
				GCC_OPTIMIZATION_LEVEL = 0;
				GCC_PREPROCESSOR_DEFINITIONS = (
					"DEBUG=1",
					"$(inherited)",
				);
				GCC_WARN_64_TO_32_BIT_CONVERSION = YES;
				GCC_WARN_ABOUT_RETURN_TYPE = YES_ERROR;
				GCC_WARN_UNDECLARED_SELECTOR = YES;
				GCC_WARN_UNINITIALIZED_AUTOS = YES_AGGRESSIVE;
				GCC_WARN_UNUSED_FUNCTION = YES;
				GCC_WARN_UNUSED_VARIABLE = YES;
				IPHONEOS_DEPLOYMENT_TARGET = 13.1;
				MARKETING_VERSION = 1.0.0;
				MTL_ENABLE_DEBUG_INFO = INCLUDE_SOURCE;
				MTL_FAST_MATH = YES;
				ONLY_ACTIVE_ARCH = YES;
				SDKROOT = iphoneos;
				SWIFT_ACTIVE_COMPILATION_CONDITIONS = DEBUG;
				SWIFT_OPTIMIZATION_LEVEL = "-Onone";
				VERSIONING_SYSTEM = "apple-generic";
			};
			name = Debug;
		};
		6F1BBE8823602FF80044CC09 /* Release */ = {
			isa = XCBuildConfiguration;
			buildSettings = {
				ALWAYS_SEARCH_USER_PATHS = NO;
				CLANG_ANALYZER_NONNULL = YES;
				CLANG_ANALYZER_NUMBER_OBJECT_CONVERSION = YES_AGGRESSIVE;
				CLANG_CXX_LANGUAGE_STANDARD = "gnu++14";
				CLANG_CXX_LIBRARY = "libc++";
				CLANG_ENABLE_MODULES = YES;
				CLANG_ENABLE_OBJC_ARC = YES;
				CLANG_ENABLE_OBJC_WEAK = YES;
				CLANG_WARN_BLOCK_CAPTURE_AUTORELEASING = YES;
				CLANG_WARN_BOOL_CONVERSION = YES;
				CLANG_WARN_COMMA = YES;
				CLANG_WARN_CONSTANT_CONVERSION = YES;
				CLANG_WARN_DEPRECATED_OBJC_IMPLEMENTATIONS = YES;
				CLANG_WARN_DIRECT_OBJC_ISA_USAGE = YES_ERROR;
				CLANG_WARN_DOCUMENTATION_COMMENTS = YES;
				CLANG_WARN_EMPTY_BODY = YES;
				CLANG_WARN_ENUM_CONVERSION = YES;
				CLANG_WARN_INFINITE_RECURSION = YES;
				CLANG_WARN_INT_CONVERSION = YES;
				CLANG_WARN_NON_LITERAL_NULL_CONVERSION = YES;
				CLANG_WARN_OBJC_IMPLICIT_RETAIN_SELF = YES;
				CLANG_WARN_OBJC_LITERAL_CONVERSION = YES;
				CLANG_WARN_OBJC_ROOT_CLASS = YES_ERROR;
				CLANG_WARN_RANGE_LOOP_ANALYSIS = YES;
				CLANG_WARN_STRICT_PROTOTYPES = YES;
				CLANG_WARN_SUSPICIOUS_MOVE = YES;
				CLANG_WARN_UNGUARDED_AVAILABILITY = YES_AGGRESSIVE;
				CLANG_WARN_UNREACHABLE_CODE = YES;
				CLANG_WARN__DUPLICATE_METHOD_MATCH = YES;
				COPY_PHASE_STRIP = NO;
				CURRENT_PROJECT_VERSION = 1;
				DEBUG_INFORMATION_FORMAT = "dwarf-with-dsym";
				ENABLE_NS_ASSERTIONS = NO;
				ENABLE_STRICT_OBJC_MSGSEND = YES;
				GCC_C_LANGUAGE_STANDARD = gnu11;
				GCC_NO_COMMON_BLOCKS = YES;
				GCC_WARN_64_TO_32_BIT_CONVERSION = YES;
				GCC_WARN_ABOUT_RETURN_TYPE = YES_ERROR;
				GCC_WARN_UNDECLARED_SELECTOR = YES;
				GCC_WARN_UNINITIALIZED_AUTOS = YES_AGGRESSIVE;
				GCC_WARN_UNUSED_FUNCTION = YES;
				GCC_WARN_UNUSED_VARIABLE = YES;
				IPHONEOS_DEPLOYMENT_TARGET = 13.1;
				MARKETING_VERSION = 1.0.0;
				MTL_ENABLE_DEBUG_INFO = NO;
				MTL_FAST_MATH = YES;
				SDKROOT = iphoneos;
				SWIFT_COMPILATION_MODE = wholemodule;
				SWIFT_OPTIMIZATION_LEVEL = "-O";
				VALIDATE_PRODUCT = YES;
				VERSIONING_SYSTEM = "apple-generic";
			};
			name = Release;
		};
		6F1BBE8A23602FF80044CC09 /* Debug */ = {
			isa = XCBuildConfiguration;
			buildSettings = {
				ASSETCATALOG_COMPILER_APPICON_NAME = AppIcon;
				CODE_SIGN_STYLE = Automatic;
				DEVELOPMENT_ASSET_PATHS = "\"PuzzleApp/Preview Content\"";
				DEVELOPMENT_TEAM = F8MY77QSLQ;
				ENABLE_PREVIEWS = YES;
				INFOPLIST_FILE = PuzzleApp/Info.plist;
				LD_RUNPATH_SEARCH_PATHS = (
					"$(inherited)",
					"@executable_path/Frameworks",
				);
				PRODUCT_BUNDLE_IDENTIFIER = com.msut.PuzzleApp;
				PRODUCT_NAME = "$(TARGET_NAME)";
				SWIFT_VERSION = 5.0;
				TARGETED_DEVICE_FAMILY = "1,2";
			};
			name = Debug;
		};
		6F1BBE8B23602FF80044CC09 /* Release */ = {
			isa = XCBuildConfiguration;
			buildSettings = {
				ASSETCATALOG_COMPILER_APPICON_NAME = AppIcon;
				CODE_SIGN_STYLE = Automatic;
				DEVELOPMENT_ASSET_PATHS = "\"PuzzleApp/Preview Content\"";
				DEVELOPMENT_TEAM = F8MY77QSLQ;
				ENABLE_PREVIEWS = YES;
				INFOPLIST_FILE = PuzzleApp/Info.plist;
				LD_RUNPATH_SEARCH_PATHS = (
					"$(inherited)",
					"@executable_path/Frameworks",
				);
				PRODUCT_BUNDLE_IDENTIFIER = com.msut.PuzzleApp;
				PRODUCT_NAME = "$(TARGET_NAME)";
				SWIFT_VERSION = 5.0;
				TARGETED_DEVICE_FAMILY = "1,2";
			};
			name = Release;
		};
		6F1BBE8D23602FF80044CC09 /* Debug */ = {
			isa = XCBuildConfiguration;
			buildSettings = {
				ALWAYS_EMBED_SWIFT_STANDARD_LIBRARIES = YES;
				BUNDLE_LOADER = "$(TEST_HOST)";
				CODE_SIGN_STYLE = Automatic;
				DEVELOPMENT_TEAM = F8MY77QSLQ;
				INFOPLIST_FILE = PuzzleAppTests/Info.plist;
				IPHONEOS_DEPLOYMENT_TARGET = 13.1;
				LD_RUNPATH_SEARCH_PATHS = (
					"$(inherited)",
					"@executable_path/Frameworks",
					"@loader_path/Frameworks",
				);
				PRODUCT_BUNDLE_IDENTIFIER = com.msut.PuzzleAppTests;
				PRODUCT_NAME = "$(TARGET_NAME)";
				SWIFT_VERSION = 5.0;
				TARGETED_DEVICE_FAMILY = "1,2";
				TEST_HOST = "$(BUILT_PRODUCTS_DIR)/PuzzleApp.app/PuzzleApp";
			};
			name = Debug;
		};
		6F1BBE8E23602FF80044CC09 /* Release */ = {
			isa = XCBuildConfiguration;
			buildSettings = {
				ALWAYS_EMBED_SWIFT_STANDARD_LIBRARIES = YES;
				BUNDLE_LOADER = "$(TEST_HOST)";
				CODE_SIGN_STYLE = Automatic;
				DEVELOPMENT_TEAM = F8MY77QSLQ;
				INFOPLIST_FILE = PuzzleAppTests/Info.plist;
				IPHONEOS_DEPLOYMENT_TARGET = 13.1;
				LD_RUNPATH_SEARCH_PATHS = (
					"$(inherited)",
					"@executable_path/Frameworks",
					"@loader_path/Frameworks",
				);
				PRODUCT_BUNDLE_IDENTIFIER = com.msut.PuzzleAppTests;
				PRODUCT_NAME = "$(TARGET_NAME)";
				SWIFT_VERSION = 5.0;
				TARGETED_DEVICE_FAMILY = "1,2";
				TEST_HOST = "$(BUILT_PRODUCTS_DIR)/PuzzleApp.app/PuzzleApp";
			};
			name = Release;
		};
		6F1BBE9023602FF80044CC09 /* Debug */ = {
			isa = XCBuildConfiguration;
			buildSettings = {
				ALWAYS_EMBED_SWIFT_STANDARD_LIBRARIES = YES;
				CODE_SIGN_STYLE = Automatic;
				DEVELOPMENT_TEAM = F8MY77QSLQ;
				INFOPLIST_FILE = PuzzleAppUITests/Info.plist;
				LD_RUNPATH_SEARCH_PATHS = (
					"$(inherited)",
					"@executable_path/Frameworks",
					"@loader_path/Frameworks",
				);
				PRODUCT_BUNDLE_IDENTIFIER = com.msut.PuzzleAppUITests;
				PRODUCT_NAME = "$(TARGET_NAME)";
				SWIFT_VERSION = 5.0;
				TARGETED_DEVICE_FAMILY = "1,2";
				TEST_TARGET_NAME = PuzzleApp;
			};
			name = Debug;
		};
		6F1BBE9123602FF80044CC09 /* Release */ = {
			isa = XCBuildConfiguration;
			buildSettings = {
				ALWAYS_EMBED_SWIFT_STANDARD_LIBRARIES = YES;
				CODE_SIGN_STYLE = Automatic;
				DEVELOPMENT_TEAM = F8MY77QSLQ;
				INFOPLIST_FILE = PuzzleAppUITests/Info.plist;
				LD_RUNPATH_SEARCH_PATHS = (
					"$(inherited)",
					"@executable_path/Frameworks",
					"@loader_path/Frameworks",
				);
				PRODUCT_BUNDLE_IDENTIFIER = com.msut.PuzzleAppUITests;
				PRODUCT_NAME = "$(TARGET_NAME)";
				SWIFT_VERSION = 5.0;
				TARGETED_DEVICE_FAMILY = "1,2";
				TEST_TARGET_NAME = PuzzleApp;
			};
			name = Release;
		};
/* End XCBuildConfiguration section */

/* Begin XCConfigurationList section */
		6F1BBE5A23602FF50044CC09 /* Build configuration list for PBXProject "PuzzleApp" */ = {
			isa = XCConfigurationList;
			buildConfigurations = (
				6F1BBE8723602FF80044CC09 /* Debug */,
				6F1BBE8823602FF80044CC09 /* Release */,
			);
			defaultConfigurationIsVisible = 0;
			defaultConfigurationName = Release;
		};
		6F1BBE8923602FF80044CC09 /* Build configuration list for PBXNativeTarget "PuzzleApp" */ = {
			isa = XCConfigurationList;
			buildConfigurations = (
				6F1BBE8A23602FF80044CC09 /* Debug */,
				6F1BBE8B23602FF80044CC09 /* Release */,
			);
			defaultConfigurationIsVisible = 0;
			defaultConfigurationName = Release;
		};
		6F1BBE8C23602FF80044CC09 /* Build configuration list for PBXNativeTarget "PuzzleAppTests" */ = {
			isa = XCConfigurationList;
			buildConfigurations = (
				6F1BBE8D23602FF80044CC09 /* Debug */,
				6F1BBE8E23602FF80044CC09 /* Release */,
			);
			defaultConfigurationIsVisible = 0;
			defaultConfigurationName = Release;
		};
		6F1BBE8F23602FF80044CC09 /* Build configuration list for PBXNativeTarget "PuzzleAppUITests" */ = {
			isa = XCConfigurationList;
			buildConfigurations = (
				6F1BBE9023602FF80044CC09 /* Debug */,
				6F1BBE9123602FF80044CC09 /* Release */,
			);
			defaultConfigurationIsVisible = 0;
			defaultConfigurationName = Release;
		};
/* End XCConfigurationList section */
	};
	rootObject = 6F1BBE5723602FF50044CC09 /* Project object */;
}
